PODS:
  - barcode_finder (0.0.1):
    - Flutter
    - ZBarSDK (~> 1.3.1)
    - ZXingObjC (~> 3.6.4)
  - DKImagePickerController/Core (4.3.2):
    - DKImagePickerController/ImageDataManager
    - DKImagePickerController/Resource
  - DKImagePickerController/ImageDataManager (4.3.2)
  - DKImagePickerController/PhotoGallery (4.3.2):
    - DKImagePickerController/Core
    - DKPhotoGallery
  - DKImagePickerController/Resource (4.3.2)
  - DKPhotoGallery (0.0.17):
    - DKPhotoGallery/Core (= 0.0.17)
    - DKPhotoGallery/Model (= 0.0.17)
    - DKPhotoGallery/Preview (= 0.0.17)
    - DKPhotoGallery/Resource (= 0.0.17)
    - SDWebImage
    - SwiftyGif
  - DKPhotoGallery/Core (0.0.17):
    - DKPhotoGallery/Model
    - DKPhotoGallery/Preview
    - SDWebImage
    - SwiftyGif
  - DKPhotoGallery/Model (0.0.17):
    - SDWebImage
    - SwiftyGif
  - DKPhotoGallery/Preview (0.0.17):
    - DKPhotoGallery/Model
    - DKPhotoGallery/Resource
    - SDWebImage
    - SwiftyGif
  - DKPhotoGallery/Resource (0.0.17):
    - SDWebImage
    - SwiftyGif
  - file_picker (0.0.1):
    - DKImagePickerController/PhotoGallery
    - Flutter
  - Flutter (1.0.0)
  - SDWebImage (5.10.1):
    - SDWebImage/Core (= 5.10.1)
  - SDWebImage/Core (5.10.1)
  - SwiftyGif (5.3.0)
  - ZBarSDK (1.3.1)
  - ZXingObjC (3.6.5):
    - ZXingObjC/All (= 3.6.5)
  - ZXingObjC/All (3.6.5)

DEPENDENCIES:
  - barcode_finder (from `.symlinks/plugins/barcode_finder/ios`)
  - file_picker (from `.symlinks/plugins/file_picker/ios`)
  - Flutter (from `Flutter`)

SPEC REPOS:
  trunk:
    - DKImagePickerController
    - DKPhotoGallery
    - SDWebImage
    - SwiftyGif
    - ZBarSDK
    - ZXingObjC

EXTERNAL SOURCES:
  barcode_finder:
    :path: ".symlinks/plugins/barcode_finder/ios"
  file_picker:
    :path: ".symlinks/plugins/file_picker/ios"
  Flutter:
    :path: Flutter

SPEC CHECKSUMS:
  barcode_finder: f74d461a66da0c64f1b646a56990cfb18bc3c903
  DKImagePickerController: b5eb7f7a388e4643264105d648d01f727110fc3d
  DKPhotoGallery: fdfad5125a9fdda9cc57df834d49df790dbb4179
  file_picker: 3e6c3790de664ccf9b882732d9db5eaf6b8d4eb1
  Flutter: 0e3d915762c693b495b44d77113d4970485de6ec
  SDWebImage: f66a16b95183b92ed6b965ad21d33167bc07612d
  SwiftyGif: e466e86c660d343357ab944a819a101c4127cb40
  ZBarSDK: 4c1b5daeb7d6cc67dc9355e690af0230a661f6ec
  ZXingObjC: fdbb269f25dd2032da343e06f10224d62f537bdb

PODFILE CHECKSUM: c5e88a2936bbb8bd8b2dcaf6fb37176835b6b71a

COCOAPODS: 1.10.1
